// !$*UTF8*$!
{
	archiveVersion = 1;
	classes = {
	};
	objectVersion = 50;
	objects = {

/* Begin PBXBuildFile section */
		6CF9688B2164C0A1004A8807 /* AppDelegate.swift in Sources */ = {isa = PBXBuildFile; fileRef = 6CF9688A2164C0A1004A8807 /* AppDelegate.swift */; };
		6CF968922164C0B9004A8807 /* Assets.xcassets in Resources */ = {isa = PBXBuildFile; fileRef = 6CF968912164C0B9004A8807 /* Assets.xcassets */; };
		6CF968952164C0B9004A8807 /* LaunchScreen.storyboard in Resources */ = {isa = PBXBuildFile; fileRef = 6CF968932164C0B9004A8807 /* LaunchScreen.storyboard */; };
		6CF968A22164C1A3004A8807 /* LoginViewController.swift in Sources */ = {isa = PBXBuildFile; fileRef = 6CF968A02164C1A3004A8807 /* LoginViewController.swift */; };
		6CF968A32164C1A3004A8807 /* LoginViewController.xib in Resources */ = {isa = PBXBuildFile; fileRef = 6CF968A12164C1A3004A8807 /* LoginViewController.xib */; };
		6CF968A82164CBB5004A8807 /* iOsViewController.swift in Sources */ = {isa = PBXBuildFile; fileRef = 6CF968A62164CBB5004A8807 /* iOsViewController.swift */; };
		6CF968A92164CBB5004A8807 /* iOsViewController.xib in Resources */ = {isa = PBXBuildFile; fileRef = 6CF968A72164CBB5004A8807 /* iOsViewController.xib */; };
		6CF968B12164CF0A004A8807 /* File.swift in Sources */ = {isa = PBXBuildFile; fileRef = 6CF968B02164CF0A004A8807 /* File.swift */; };
		6CF968B52164E945004A8807 /* ActorsViewController.swift in Sources */ = {isa = PBXBuildFile; fileRef = 6CF968B32164E945004A8807 /* ActorsViewController.swift */; };
		6CF968B62164E945004A8807 /* ActorsViewController.xib in Resources */ = {isa = PBXBuildFile; fileRef = 6CF968B42164E945004A8807 /* ActorsViewController.xib */; };
		6CF968BB2164EA56004A8807 /* ActorCell.swift in Sources */ = {isa = PBXBuildFile; fileRef = 6CF968B92164EA56004A8807 /* ActorCell.swift */; };
		6CF968BC2164EA56004A8807 /* ActorCell.xib in Resources */ = {isa = PBXBuildFile; fileRef = 6CF968BA2164EA56004A8807 /* ActorCell.xib */; };
		6CF968BE216DFFB7004A8807 /* Actor.swift in Sources */ = {isa = PBXBuildFile; fileRef = 6CF968BD216DFFB7004A8807 /* Actor.swift */; };
		6CF968C2216E1697004A8807 /* TableViewEmptyCell.swift in Sources */ = {isa = PBXBuildFile; fileRef = 6CF968C0216E1697004A8807 /* TableViewEmptyCell.swift */; };
		6CF968C3216E1697004A8807 /* TableViewEmptyCell.xib in Resources */ = {isa = PBXBuildFile; fileRef = 6CF968C1216E1697004A8807 /* TableViewEmptyCell.xib */; };
/* End PBXBuildFile section */

/* Begin PBXFileReference section */
		6CF968872164C0A1004A8807 /* iOs.app */ = {isa = PBXFileReference; explicitFileType = wrapper.application; includeInIndex = 0; path = iOs.app; sourceTree = BUILT_PRODUCTS_DIR; };
		6CF9688A2164C0A1004A8807 /* AppDelegate.swift */ = {isa = PBXFileReference; lastKnownFileType = sourcecode.swift; path = AppDelegate.swift; sourceTree = "<group>"; };
		6CF968912164C0B9004A8807 /* Assets.xcassets */ = {isa = PBXFileReference; lastKnownFileType = folder.assetcatalog; path = Assets.xcassets; sourceTree = "<group>"; };
		6CF968942164C0B9004A8807 /* Base */ = {isa = PBXFileReference; lastKnownFileType = file.storyboard; name = Base; path = Base.lproj/LaunchScreen.storyboard; sourceTree = "<group>"; };
		6CF968962164C0B9004A8807 /* Info.plist */ = {isa = PBXFileReference; lastKnownFileType = text.plist.xml; path = Info.plist; sourceTree = "<group>"; };
		6CF968A02164C1A3004A8807 /* LoginViewController.swift */ = {isa = PBXFileReference; lastKnownFileType = sourcecode.swift; path = LoginViewController.swift; sourceTree = "<group>"; };
		6CF968A12164C1A3004A8807 /* LoginViewController.xib */ = {isa = PBXFileReference; lastKnownFileType = file.xib; path = LoginViewController.xib; sourceTree = "<group>"; };
		6CF968A62164CBB5004A8807 /* iOsViewController.swift */ = {isa = PBXFileReference; lastKnownFileType = sourcecode.swift; path = iOsViewController.swift; sourceTree = "<group>"; };
		6CF968A72164CBB5004A8807 /* iOsViewController.xib */ = {isa = PBXFileReference; lastKnownFileType = file.xib; path = iOsViewController.xib; sourceTree = "<group>"; };
		6CF968B02164CF0A004A8807 /* File.swift */ = {isa = PBXFileReference; lastKnownFileType = sourcecode.swift; path = File.swift; sourceTree = "<group>"; };
		6CF968B32164E945004A8807 /* ActorsViewController.swift */ = {isa = PBXFileReference; lastKnownFileType = sourcecode.swift; path = ActorsViewController.swift; sourceTree = "<group>"; };
		6CF968B42164E945004A8807 /* ActorsViewController.xib */ = {isa = PBXFileReference; lastKnownFileType = file.xib; path = ActorsViewController.xib; sourceTree = "<group>"; };
		6CF968B92164EA56004A8807 /* ActorCell.swift */ = {isa = PBXFileReference; lastKnownFileType = sourcecode.swift; path = ActorCell.swift; sourceTree = "<group>"; };
		6CF968BA2164EA56004A8807 /* ActorCell.xib */ = {isa = PBXFileReference; lastKnownFileType = file.xib; path = ActorCell.xib; sourceTree = "<group>"; };
		6CF968BD216DFFB7004A8807 /* Actor.swift */ = {isa = PBXFileReference; lastKnownFileType = sourcecode.swift; path = Actor.swift; sourceTree = "<group>"; };
		6CF968C0216E1697004A8807 /* TableViewEmptyCell.swift */ = {isa = PBXFileReference; lastKnownFileType = sourcecode.swift; path = TableViewEmptyCell.swift; sourceTree = "<group>"; };
		6CF968C1216E1697004A8807 /* TableViewEmptyCell.xib */ = {isa = PBXFileReference; lastKnownFileType = file.xib; path = TableViewEmptyCell.xib; sourceTree = "<group>"; };
/* End PBXFileReference section */

/* Begin PBXFrameworksBuildPhase section */
		6CF968842164C0A1004A8807 /* Frameworks */ = {
			isa = PBXFrameworksBuildPhase;
			buildActionMask = 2147483647;
			files = (
			);
			runOnlyForDeploymentPostprocessing = 0;
		};
/* End PBXFrameworksBuildPhase section */

/* Begin PBXGroup section */
		6CF9687E2164C0A1004A8807 = {
			isa = PBXGroup;
			children = (
				6CF968892164C0A1004A8807 /* iOs */,
				6CF968882164C0A1004A8807 /* Products */,
			);
			sourceTree = "<group>";
		};
		6CF968882164C0A1004A8807 /* Products */ = {
			isa = PBXGroup;
			children = (
				6CF968872164C0A1004A8807 /* iOs.app */,
			);
			name = Products;
			sourceTree = "<group>";
		};
		6CF968892164C0A1004A8807 /* iOs */ = {
			isa = PBXGroup;
			children = (
				6CF968B72164EA1B004A8807 /* Cells */,
				6CF968AF2164CEF1004A8807 /* Models */,
				6CF9689C2164C107004A8807 /* ViewControllers */,
				6CF9688A2164C0A1004A8807 /* AppDelegate.swift */,
				6CF968912164C0B9004A8807 /* Assets.xcassets */,
				6CF968932164C0B9004A8807 /* LaunchScreen.storyboard */,
				6CF968962164C0B9004A8807 /* Info.plist */,
			);
			path = iOs;
			sourceTree = "<group>";
		};
		6CF9689C2164C107004A8807 /* ViewControllers */ = {
			isa = PBXGroup;
			children = (
				6CF968B22164E915004A8807 /* ActorsViewController */,
				6CF968A52164CB9C004A8807 /* iOsViewController */,
				6CF9689D2164C145004A8807 /* LoginViewController */,
			);
			path = ViewControllers;
			sourceTree = "<group>";
		};
		6CF9689D2164C145004A8807 /* LoginViewController */ = {
			isa = PBXGroup;
			children = (
				6CF968A02164C1A3004A8807 /* LoginViewController.swift */,
				6CF968A12164C1A3004A8807 /* LoginViewController.xib */,
			);
			path = LoginViewController;
			sourceTree = "<group>";
		};
		6CF968A52164CB9C004A8807 /* iOsViewController */ = {
			isa = PBXGroup;
			children = (
				6CF968A62164CBB5004A8807 /* iOsViewController.swift */,
				6CF968A72164CBB5004A8807 /* iOsViewController.xib */,
			);
			path = iOsViewController;
			sourceTree = "<group>";
		};
		6CF968AF2164CEF1004A8807 /* Models */ = {
			isa = PBXGroup;
			children = (
				6CF968B02164CF0A004A8807 /* File.swift */,
				6CF968BD216DFFB7004A8807 /* Actor.swift */,
			);
			path = Models;
			sourceTree = "<group>";
		};
		6CF968B22164E915004A8807 /* ActorsViewController */ = {
			isa = PBXGroup;
			children = (
				6CF968B32164E945004A8807 /* ActorsViewController.swift */,
				6CF968B42164E945004A8807 /* ActorsViewController.xib */,
			);
			path = ActorsViewController;
			sourceTree = "<group>";
		};
		6CF968B72164EA1B004A8807 /* Cells */ = {
			isa = PBXGroup;
			children = (
				6CF968BF216E1670004A8807 /* EmptyCell */,
				6CF968B82164EA22004A8807 /* ActorCell */,
			);
			path = Cells;
			sourceTree = "<group>";
		};
		6CF968B82164EA22004A8807 /* ActorCell */ = {
			isa = PBXGroup;
			children = (
				6CF968B92164EA56004A8807 /* ActorCell.swift */,
				6CF968BA2164EA56004A8807 /* ActorCell.xib */,
			);
			path = ActorCell;
			sourceTree = "<group>";
		};
		6CF968BF216E1670004A8807 /* EmptyCell */ = {
			isa = PBXGroup;
			children = (
				6CF968C0216E1697004A8807 /* TableViewEmptyCell.swift */,
				6CF968C1216E1697004A8807 /* TableViewEmptyCell.xib */,
			);
			path = EmptyCell;
			sourceTree = "<group>";
		};
/* End PBXGroup section */

/* Begin PBXNativeTarget section */
		6CF968862164C0A1004A8807 /* iOs */ = {
			isa = PBXNativeTarget;
			buildConfigurationList = 6CF968992164C0B9004A8807 /* Build configuration list for PBXNativeTarget "iOs" */;
			buildPhases = (
				6CF968832164C0A1004A8807 /* Sources */,
				6CF968842164C0A1004A8807 /* Frameworks */,
				6CF968852164C0A1004A8807 /* Resources */,
			);
			buildRules = (
			);
			dependencies = (
			);
			name = iOs;
			productName = iOs;
			productReference = 6CF968872164C0A1004A8807 /* iOs.app */;
			productType = "com.apple.product-type.application";
		};
/* End PBXNativeTarget section */

/* Begin PBXProject section */
		6CF9687F2164C0A1004A8807 /* Project object */ = {
			isa = PBXProject;
			attributes = {
				LastSwiftUpdateCheck = 0930;
				LastUpgradeCheck = 0930;
				ORGANIZATIONNAME = "JORGE VAZQUEZ REQUEJO";
				TargetAttributes = {
					6CF968862164C0A1004A8807 = {
						CreatedOnToolsVersion = 9.3;
					};
				};
			};
			buildConfigurationList = 6CF968822164C0A1004A8807 /* Build configuration list for PBXProject "iOs" */;
			compatibilityVersion = "Xcode 9.3";
			developmentRegion = en;
			hasScannedForEncodings = 0;
			knownRegions = (
				en,
				Base,
			);
			mainGroup = 6CF9687E2164C0A1004A8807;
			productRefGroup = 6CF968882164C0A1004A8807 /* Products */;
			projectDirPath = "";
			projectRoot = "";
			targets = (
				6CF968862164C0A1004A8807 /* iOs */,
			);
		};
/* End PBXProject section */

/* Begin PBXResourcesBuildPhase section */
		6CF968852164C0A1004A8807 /* Resources */ = {
			isa = PBXResourcesBuildPhase;
			buildActionMask = 2147483647;
			files = (
				6CF968A92164CBB5004A8807 /* iOsViewController.xib in Resources */,
				6CF968BC2164EA56004A8807 /* ActorCell.xib in Resources */,
				6CF968952164C0B9004A8807 /* LaunchScreen.storyboard in Resources */,
				6CF968B62164E945004A8807 /* ActorsViewController.xib in Resources */,
				6CF968922164C0B9004A8807 /* Assets.xcassets in Resources */,
				6CF968C3216E1697004A8807 /* TableViewEmptyCell.xib in Resources */,
				6CF968A32164C1A3004A8807 /* LoginViewController.xib in Resources */,
			);
			runOnlyForDeploymentPostprocessing = 0;
		};
/* End PBXResourcesBuildPhase section */

/* Begin PBXSourcesBuildPhase section */
		6CF968832164C0A1004A8807 /* Sources */ = {
			isa = PBXSourcesBuildPhase;
			buildActionMask = 2147483647;
			files = (
				6CF968B52164E945004A8807 /* ActorsViewController.swift in Sources */,
				6CF968B12164CF0A004A8807 /* File.swift in Sources */,
				6CF968A22164C1A3004A8807 /* LoginViewController.swift in Sources */,
				6CF968BE216DFFB7004A8807 /* Actor.swift in Sources */,
				6CF968A82164CBB5004A8807 /* iOsViewController.swift in Sources */,
				6CF968C2216E1697004A8807 /* TableViewEmptyCell.swift in Sources */,
				6CF9688B2164C0A1004A8807 /* AppDelegate.swift in Sources */,
				6CF968BB2164EA56004A8807 /* ActorCell.swift in Sources */,
			);
			runOnlyForDeploymentPostprocessing = 0;
		};
/* End PBXSourcesBuildPhase section */

/* Begin PBXVariantGroup section */
		6CF968932164C0B9004A8807 /* LaunchScreen.storyboard */ = {
			isa = PBXVariantGroup;
			children = (
				6CF968942164C0B9004A8807 /* Base */,
			);
			name = LaunchScreen.storyboard;
			sourceTree = "<group>";
		};
/* End PBXVariantGroup section */

/* Begin XCBuildConfiguration section */
		6CF968972164C0B9004A8807 /* Debug */ = {
			isa = XCBuildConfiguration;
			buildSettings = {
				ALWAYS_SEARCH_USER_PATHS = NO;
				CLANG_ANALYZER_NONNULL = YES;
				CLANG_ANALYZER_NUMBER_OBJECT_CONVERSION = YES_AGGRESSIVE;
				CLANG_CXX_LANGUAGE_STANDARD = "gnu++14";
				CLANG_CXX_LIBRARY = "libc++";
				CLANG_ENABLE_MODULES = YES;
				CLANG_ENABLE_OBJC_ARC = YES;
				CLANG_ENABLE_OBJC_WEAK = YES;
				CLANG_WARN_BLOCK_CAPTURE_AUTORELEASING = YES;
				CLANG_WARN_BOOL_CONVERSION = YES;
				CLANG_WARN_COMMA = YES;
				CLANG_WARN_CONSTANT_CONVERSION = YES;
				CLANG_WARN_DEPRECATED_OBJC_IMPLEMENTATIONS = YES;
				CLANG_WARN_DIRECT_OBJC_ISA_USAGE = YES_ERROR;
				CLANG_WARN_DOCUMENTATION_COMMENTS = YES;
				CLANG_WARN_EMPTY_BODY = YES;
				CLANG_WARN_ENUM_CONVERSION = YES;
				CLANG_WARN_INFINITE_RECURSION = YES;
				CLANG_WARN_INT_CONVERSION = YES;
				CLANG_WARN_NON_LITERAL_NULL_CONVERSION = YES;
				CLANG_WARN_OBJC_IMPLICIT_RETAIN_SELF = YES;
				CLANG_WARN_OBJC_LITERAL_CONVERSION = YES;
				CLANG_WARN_OBJC_ROOT_CLASS = YES_ERROR;
				CLANG_WARN_RANGE_LOOP_ANALYSIS = YES;
				CLANG_WARN_STRICT_PROTOTYPES = YES;
				CLANG_WARN_SUSPICIOUS_MOVE = YES;
				CLANG_WARN_UNGUARDED_AVAILABILITY = YES_AGGRESSIVE;
				CLANG_WARN_UNREACHABLE_CODE = YES;
				CLANG_WARN__DUPLICATE_METHOD_MATCH = YES;
				CODE_SIGN_IDENTITY = "iPhone Developer";
				COPY_PHASE_STRIP = NO;
				DEBUG_INFORMATION_FORMAT = dwarf;
				ENABLE_STRICT_OBJC_MSGSEND = YES;
				ENABLE_TESTABILITY = YES;
				GCC_C_LANGUAGE_STANDARD = gnu11;
				GCC_DYNAMIC_NO_PIC = NO;
				GCC_NO_COMMON_BLOCKS = YES;
				GCC_OPTIMIZATION_LEVEL = 0;
				GCC_PREPROCESSOR_DEFINITIONS = (
					"DEBUG=1",
					"$(inherited)",
				);
				GCC_WARN_64_TO_32_BIT_CONVERSION = YES;
				GCC_WARN_ABOUT_RETURN_TYPE = YES_ERROR;
				GCC_WARN_UNDECLARED_SELECTOR = YES;
				GCC_WARN_UNINITIALIZED_AUTOS = YES_AGGRESSIVE;
				GCC_WARN_UNUSED_FUNCTION = YES;
				GCC_WARN_UNUSED_VARIABLE = YES;
				IPHONEOS_DEPLOYMENT_TARGET = 11.3;
				MTL_ENABLE_DEBUG_INFO = YES;
				ONLY_ACTIVE_ARCH = YES;
				SDKROOT = iphoneos;
				SWIFT_ACTIVE_COMPILATION_CONDITIONS = DEBUG;
				SWIFT_OPTIMIZATION_LEVEL = "-Onone";
			};
			name = Debug;
		};
		6CF968982164C0B9004A8807 /* Release */ = {
			isa = XCBuildConfiguration;
			buildSettings = {
				ALWAYS_SEARCH_USER_PATHS = NO;
				CLANG_ANALYZER_NONNULL = YES;
				CLANG_ANALYZER_NUMBER_OBJECT_CONVERSION = YES_AGGRESSIVE;
				CLANG_CXX_LANGUAGE_STANDARD = "gnu++14";
				CLANG_CXX_LIBRARY = "libc++";
				CLANG_ENABLE_MODULES = YES;
				CLANG_ENABLE_OBJC_ARC = YES;
				CLANG_ENABLE_OBJC_WEAK = YES;
				CLANG_WARN_BLOCK_CAPTURE_AUTORELEASING = YES;
				CLANG_WARN_BOOL_CONVERSION = YES;
				CLANG_WARN_COMMA = YES;
				CLANG_WARN_CONSTANT_CONVERSION = YES;
				CLANG_WARN_DEPRECATED_OBJC_IMPLEMENTATIONS = YES;
				CLANG_WARN_DIRECT_OBJC_ISA_USAGE = YES_ERROR;
				CLANG_WARN_DOCUMENTATION_COMMENTS = YES;
				CLANG_WARN_EMPTY_BODY = YES;
				CLANG_WARN_ENUM_CONVERSION = YES;
				CLANG_WARN_INFINITE_RECURSION = YES;
				CLANG_WARN_INT_CONVERSION = YES;
				CLANG_WARN_NON_LITERAL_NULL_CONVERSION = YES;
				CLANG_WARN_OBJC_IMPLICIT_RETAIN_SELF = YES;
				CLANG_WARN_OBJC_LITERAL_CONVERSION = YES;
				CLANG_WARN_OBJC_ROOT_CLASS = YES_ERROR;
				CLANG_WARN_RANGE_LOOP_ANALYSIS = YES;
				CLANG_WARN_STRICT_PROTOTYPES = YES;
				CLANG_WARN_SUSPICIOUS_MOVE = YES;
				CLANG_WARN_UNGUARDED_AVAILABILITY = YES_AGGRESSIVE;
				CLANG_WARN_UNREACHABLE_CODE = YES;
				CLANG_WARN__DUPLICATE_METHOD_MATCH = YES;
				CODE_SIGN_IDENTITY = "iPhone Developer";
				COPY_PHASE_STRIP = NO;
				DEBUG_INFORMATION_FORMAT = "dwarf-with-dsym";
				ENABLE_NS_ASSERTIONS = NO;
				ENABLE_STRICT_OBJC_MSGSEND = YES;
				GCC_C_LANGUAGE_STANDARD = gnu11;
				GCC_NO_COMMON_BLOCKS = YES;
				GCC_WARN_64_TO_32_BIT_CONVERSION = YES;
				GCC_WARN_ABOUT_RETURN_TYPE = YES_ERROR;
				GCC_WARN_UNDECLARED_SELECTOR = YES;
				GCC_WARN_UNINITIALIZED_AUTOS = YES_AGGRESSIVE;
				GCC_WARN_UNUSED_FUNCTION = YES;
				GCC_WARN_UNUSED_VARIABLE = YES;
				IPHONEOS_DEPLOYMENT_TARGET = 11.3;
				MTL_ENABLE_DEBUG_INFO = NO;
				SDKROOT = iphoneos;
				SWIFT_COMPILATION_MODE = wholemodule;
				SWIFT_OPTIMIZATION_LEVEL = "-O";
				VALIDATE_PRODUCT = YES;
			};
			name = Release;
		};
		6CF9689A2164C0B9004A8807 /* Debug */ = {
			isa = XCBuildConfiguration;
			buildSettings = {
				ASSETCATALOG_COMPILER_APPICON_NAME = AppIcon;
				CODE_SIGN_STYLE = Automatic;
				DEVELOPMENT_TEAM = W7QY3YW7H4;
				INFOPLIST_FILE = iOs/Info.plist;
				LD_RUNPATH_SEARCH_PATHS = (
					"$(inherited)",
					"@executable_path/Frameworks",
				);
				PRODUCT_BUNDLE_IDENTIFIER = com.Utad.iOs;
				PRODUCT_NAME = "$(TARGET_NAME)";
				SWIFT_VERSION = 4.0;
				TARGETED_DEVICE_FAMILY = 1;
			};
			name = Debug;
		};
		6CF9689B2164C0B9004A8807 /* Release */ = {
			isa = XCBuildConfiguration;
			buildSettings = {
				ASSETCATALOG_COMPILER_APPICON_NAME = AppIcon;
				CODE_SIGN_STYLE = Automatic;
				DEVELOPMENT_TEAM = W7QY3YW7H4;
				INFOPLIST_FILE = iOs/Info.plist;
				LD_RUNPATH_SEARCH_PATHS = (
					"$(inherited)",
					"@executable_path/Frameworks",
				);
				PRODUCT_BUNDLE_IDENTIFIER = com.Utad.iOs;
				PRODUCT_NAME = "$(TARGET_NAME)";
				SWIFT_VERSION = 4.0;
				TARGETED_DEVICE_FAMILY = 1;
			};
			name = Release;
		};
/* End XCBuildConfiguration section */

/* Begin XCConfigurationList section */
		6CF968822164C0A1004A8807 /* Build configuration list for PBXProject "iOs" */ = {
			isa = XCConfigurationList;
			buildConfigurations = (
				6CF968972164C0B9004A8807 /* Debug */,
				6CF968982164C0B9004A8807 /* Release */,
			);
			defaultConfigurationIsVisible = 0;
			defaultConfigurationName = Release;
		};
		6CF968992164C0B9004A8807 /* Build configuration list for PBXNativeTarget "iOs" */ = {
			isa = XCConfigurationList;
			buildConfigurations = (
				6CF9689A2164C0B9004A8807 /* Debug */,
				6CF9689B2164C0B9004A8807 /* Release */,
			);
			defaultConfigurationIsVisible = 0;
			defaultConfigurationName = Release;
		};
/* End XCConfigurationList section */
	};
	rootObject = 6CF9687F2164C0A1004A8807 /* Project object */;
}
